
Microsoft Visual Studio Solution File, Format Version 12.00
# Visual Studio Version 17
VisualStudioVersion = 17.3.32819.101
MinimumVisualStudioVersion = 10.0.40219.1
Project("{9A19103F-16F7-4668-BE54-9A1E7A4F7556}") = "Test", "Test\Test.csproj", "{4A6E7358-0C22-4E18-B19D-0FEB323D274F}"
EndProject
Project("{FAE04EC0-301F-11D3-BF4B-00C04F79EFBC}") = "Target", "Target\Target.csproj", "{07701C17-7A24-4023-B7E6-23C871722F26}"
EndProject
Global
	GlobalSection(SolutionConfigurationPlatforms) = preSolution
		Debug|Any CPU = Debug|Any CPU
		Release|Any CPU = Release|Any CPU
	EndGlobalSection
	GlobalSection(ProjectConfigurationPlatforms) = postSolution
		{4A6E7358-0C22-4E18-B19D-0FEB323D274F}.Debug|Any CPU.ActiveCfg = Debug|Any CPU
		{4A6E7358-0C22-4E18-B19D-0FEB323D274F}.Debug|Any CPU.Build.0 = Debug|Any CPU
		{4A6E7358-0C22-4E18-B19D-0FEB323D274F}.Release|Any CPU.ActiveCfg = Release|Any CPU
		{4A6E7358-0C22-4E18-B19D-0FEB323D274F}.Release|Any CPU.Build.0 = Release|Any CPU
		{07701C17-7A24-4023-B7E6-23C871722F26}.Debug|Any CPU.ActiveCfg = Debug|Any CPU
		{07701C17-7A24-4023-B7E6-23C871722F26}.Debug|Any CPU.Build.0 = Debug|Any CPU
		{07701C17-7A24-4023-B7E6-23C871722F26}.Release|Any CPU.ActiveCfg = Release|Any CPU
		{07701C17-7A24-4023-B7E6-23C871722F26}.Release|Any CPU.Build.0 = Release|Any CPU
	EndGlobalSection
	GlobalSection(SolutionProperties) = preSolution
		HideSolutionNode = FALSE
	EndGlobalSection
	GlobalSection(ExtensibilityGlobals) = postSolution
		SolutionGuid = {DC1160D2-EB01-4D0E-95D5-959B42033DC6}
	EndGlobalSection
EndGlobal
